{
  "name": "js作业",
  "lockfileVersion": 2,
  "requires": true,
  "packages": {
    "": {
      "dependencies": {
        "project-directory-tree": "^1.0.1"
      }
    },
    "node_modules/project-directory-tree": {
      "version": "1.0.1",
      "resolved": "https://registry.npmjs.org/project-directory-tree/-/project-directory-tree-1.0.1.tgz",
      "integrity": "sha512-yT7iy8H4uQZ9miAmbGctQFmvo+1jrhdtcJt+HDGtqC0cMmrpWeQvbik14E60yHQWrom+klq5JOVTQNojzoB7mQ=="
    }
  },
  "dependencies": {
    "project-directory-tree": {
      "version": "1.0.1",
      "resolved": "https://registry.npmjs.org/project-directory-tree/-/project-directory-tree-1.0.1.tgz",
      "integrity": "sha512-yT7iy8H4uQZ9miAmbGctQFmvo+1jrhdtcJt+HDGtqC0cMmrpWeQvbik14E60yHQWrom+klq5JOVTQNojzoB7mQ=="
    }
  }
}
